
Microsoft Visual Studio Solution File, Format Version 12.00
# Visual Studio Version 16
VisualStudioVersion = 16.0.32901.82
MinimumVisualStudioVersion = 10.0.40219.1
Project("{FAE04EC0-301F-11D3-BF4B-00C04F79EFBC}") = "GymManagementSystem", "GymManagementSystem\GymManagementSystem.csproj", "{352B6B1A-5ADD-4C07-BEB7-AD952986C3B8}"
EndProject
Global
	GlobalSection(SolutionConfigurationPlatforms) = preSolution
		Debug|Any CPU = Debug|Any CPU
		Release|Any CPU = Release|Any CPU
	EndGlobalSection
	GlobalSection(ProjectConfigurationPlatforms) = postSolution
		{352B6B1A-5ADD-4C07-BEB7-AD952986C3B8}.Debug|Any CPU.ActiveCfg = Debug|Any CPU
		{352B6B1A-5ADD-4C07-BEB7-AD952986C3B8}.Debug|Any CPU.Build.0 = Debug|Any CPU
		{352B6B1A-5ADD-4C07-BEB7-AD952986C3B8}.Release|Any CPU.ActiveCfg = Release|Any CPU
		{352B6B1A-5ADD-4C07-BEB7-AD952986C3B8}.Release|Any CPU.Build.0 = Release|Any CPU
	EndGlobalSection
	GlobalSection(SolutionProperties) = preSolution
		HideSolutionNode = FALSE
	EndGlobalSection
	GlobalSection(ExtensibilityGlobals) = postSolution
		SolutionGuid = {5B589153-B3E3-4D53-BDAA-06F2345C3F66}
	EndGlobalSection
EndGlobal
